// !$*UTF8*$!
{
	archiveVersion = 1;
	classes = {
	};
	objectVersion = 56;
	objects = {

/* Begin PBXBuildFile section */
		04E5DD8B8A482879899A737D /* Pods_ios_kode_test.framework in Frameworks */ = {isa = PBXBuildFile; fileRef = B35F3CF93FAAF3EFA31A6067 /* Pods_ios_kode_test.framework */; };
		D30096C62BFA3C13004DDA63 /* UIColor+Extension.swift in Sources */ = {isa = PBXBuildFile; fileRef = D30096C52BFA3C13004DDA63 /* UIColor+Extension.swift */; };
		D306E1572BE7BF6600A12499 /* UsersModel.swift in Sources */ = {isa = PBXBuildFile; fileRef = D306E1562BE7BF6600A12499 /* UsersModel.swift */; };
		D306E15B2BE7C71700A12499 /* FetchUserUIView.swift in Sources */ = {isa = PBXBuildFile; fileRef = D306E15A2BE7C71700A12499 /* FetchUserUIView.swift */; };
		D306E15D2BE7C8A800A12499 /* ViewData.swift in Sources */ = {isa = PBXBuildFile; fileRef = D306E15C2BE7C8A800A12499 /* ViewData.swift */; };
		D306E1602BE7E4FE00A12499 /* UserTVC.swift in Sources */ = {isa = PBXBuildFile; fileRef = D306E15F2BE7E4FE00A12499 /* UserTVC.swift */; };
		D36565A12BE777EB001B8496 /* FetchUsersService.swift in Sources */ = {isa = PBXBuildFile; fileRef = D36565A02BE777EB001B8496 /* FetchUsersService.swift */; };
		D36565A42BE7789F001B8496 /* FetchAllUsers.swift in Sources */ = {isa = PBXBuildFile; fileRef = D36565A32BE7789F001B8496 /* FetchAllUsers.swift */; };
		D36565A72BE77BA4001B8496 /* API.swift in Sources */ = {isa = PBXBuildFile; fileRef = D36565A62BE77BA4001B8496 /* API.swift */; };
		D36565A92BE79B1A001B8496 /* FetchUserPresenter.swift in Sources */ = {isa = PBXBuildFile; fileRef = D36565A82BE79B1A001B8496 /* FetchUserPresenter.swift */; };
		D36565AB2BE79BEA001B8496 /* FetchUserAssembly.swift in Sources */ = {isa = PBXBuildFile; fileRef = D36565AA2BE79BEA001B8496 /* FetchUserAssembly.swift */; };
		D37B85DE2BE0E6CF00DF7620 /* AppDelegate.swift in Sources */ = {isa = PBXBuildFile; fileRef = D37B85DD2BE0E6CF00DF7620 /* AppDelegate.swift */; };
		D37B85E02BE0E6CF00DF7620 /* SceneDelegate.swift in Sources */ = {isa = PBXBuildFile; fileRef = D37B85DF2BE0E6CF00DF7620 /* SceneDelegate.swift */; };
		D37B85E22BE0E6CF00DF7620 /* FetchUserVC.swift in Sources */ = {isa = PBXBuildFile; fileRef = D37B85E12BE0E6CF00DF7620 /* FetchUserVC.swift */; };
		D37B85E72BE0E6D000DF7620 /* Assets.xcassets in Resources */ = {isa = PBXBuildFile; fileRef = D37B85E62BE0E6D000DF7620 /* Assets.xcassets */; };
		D37B85EA2BE0E6D000DF7620 /* LaunchScreen.storyboard in Resources */ = {isa = PBXBuildFile; fileRef = D37B85E82BE0E6D000DF7620 /* LaunchScreen.storyboard */; };
/* End PBXBuildFile section */

/* Begin PBXFileReference section */
		14903EC755136C31EEB65F8B /* Pods-ios_kode_test.debug.xcconfig */ = {isa = PBXFileReference; includeInIndex = 1; lastKnownFileType = text.xcconfig; name = "Pods-ios_kode_test.debug.xcconfig"; path = "Target Support Files/Pods-ios_kode_test/Pods-ios_kode_test.debug.xcconfig"; sourceTree = "<group>"; };
		B270B21A3BC20B4DF2FFE050 /* Pods-ios_kode_test.release.xcconfig */ = {isa = PBXFileReference; includeInIndex = 1; lastKnownFileType = text.xcconfig; name = "Pods-ios_kode_test.release.xcconfig"; path = "Target Support Files/Pods-ios_kode_test/Pods-ios_kode_test.release.xcconfig"; sourceTree = "<group>"; };
		B35F3CF93FAAF3EFA31A6067 /* Pods_ios_kode_test.framework */ = {isa = PBXFileReference; explicitFileType = wrapper.framework; includeInIndex = 0; path = Pods_ios_kode_test.framework; sourceTree = BUILT_PRODUCTS_DIR; };
		D30096C52BFA3C13004DDA63 /* UIColor+Extension.swift */ = {isa = PBXFileReference; lastKnownFileType = sourcecode.swift; path = "UIColor+Extension.swift"; sourceTree = "<group>"; };
		D306E1562BE7BF6600A12499 /* UsersModel.swift */ = {isa = PBXFileReference; lastKnownFileType = sourcecode.swift; path = UsersModel.swift; sourceTree = "<group>"; };
		D306E15A2BE7C71700A12499 /* FetchUserUIView.swift */ = {isa = PBXFileReference; lastKnownFileType = sourcecode.swift; path = FetchUserUIView.swift; sourceTree = "<group>"; };
		D306E15C2BE7C8A800A12499 /* ViewData.swift */ = {isa = PBXFileReference; lastKnownFileType = sourcecode.swift; path = ViewData.swift; sourceTree = "<group>"; };
		D306E15F2BE7E4FE00A12499 /* UserTVC.swift */ = {isa = PBXFileReference; lastKnownFileType = sourcecode.swift; path = UserTVC.swift; sourceTree = "<group>"; };
		D36565A02BE777EB001B8496 /* FetchUsersService.swift */ = {isa = PBXFileReference; lastKnownFileType = sourcecode.swift; path = FetchUsersService.swift; sourceTree = "<group>"; };
		D36565A32BE7789F001B8496 /* FetchAllUsers.swift */ = {isa = PBXFileReference; lastKnownFileType = sourcecode.swift; path = FetchAllUsers.swift; sourceTree = "<group>"; };
		D36565A62BE77BA4001B8496 /* API.swift */ = {isa = PBXFileReference; lastKnownFileType = sourcecode.swift; path = API.swift; sourceTree = "<group>"; };
		D36565A82BE79B1A001B8496 /* FetchUserPresenter.swift */ = {isa = PBXFileReference; lastKnownFileType = sourcecode.swift; path = FetchUserPresenter.swift; sourceTree = "<group>"; };
		D36565AA2BE79BEA001B8496 /* FetchUserAssembly.swift */ = {isa = PBXFileReference; lastKnownFileType = sourcecode.swift; path = FetchUserAssembly.swift; sourceTree = "<group>"; };
		D37B85DA2BE0E6CF00DF7620 /* ios_kode_test.app */ = {isa = PBXFileReference; explicitFileType = wrapper.application; includeInIndex = 0; path = ios_kode_test.app; sourceTree = BUILT_PRODUCTS_DIR; };
		D37B85DD2BE0E6CF00DF7620 /* AppDelegate.swift */ = {isa = PBXFileReference; lastKnownFileType = sourcecode.swift; path = AppDelegate.swift; sourceTree = "<group>"; };
		D37B85DF2BE0E6CF00DF7620 /* SceneDelegate.swift */ = {isa = PBXFileReference; lastKnownFileType = sourcecode.swift; path = SceneDelegate.swift; sourceTree = "<group>"; };
		D37B85E12BE0E6CF00DF7620 /* FetchUserVC.swift */ = {isa = PBXFileReference; lastKnownFileType = sourcecode.swift; path = FetchUserVC.swift; sourceTree = "<group>"; };
		D37B85E62BE0E6D000DF7620 /* Assets.xcassets */ = {isa = PBXFileReference; lastKnownFileType = folder.assetcatalog; path = Assets.xcassets; sourceTree = "<group>"; };
		D37B85E92BE0E6D000DF7620 /* Base */ = {isa = PBXFileReference; lastKnownFileType = file.storyboard; name = Base; path = Base.lproj/LaunchScreen.storyboard; sourceTree = "<group>"; };
		D37B85EB2BE0E6D000DF7620 /* Info.plist */ = {isa = PBXFileReference; lastKnownFileType = text.plist.xml; path = Info.plist; sourceTree = "<group>"; };
/* End PBXFileReference section */

/* Begin PBXFrameworksBuildPhase section */
		D37B85D72BE0E6CF00DF7620 /* Frameworks */ = {
			isa = PBXFrameworksBuildPhase;
			buildActionMask = 2147483647;
			files = (
				04E5DD8B8A482879899A737D /* Pods_ios_kode_test.framework in Frameworks */,
			);
			runOnlyForDeploymentPostprocessing = 0;
		};
/* End PBXFrameworksBuildPhase section */

/* Begin PBXGroup section */
		7752B95B090F47F2BB3465EB /* Frameworks */ = {
			isa = PBXGroup;
			children = (
				B35F3CF93FAAF3EFA31A6067 /* Pods_ios_kode_test.framework */,
			);
			name = Frameworks;
			sourceTree = "<group>";
		};
		D30096C42BFA3BF3004DDA63 /* Extensions */ = {
			isa = PBXGroup;
			children = (
				D30096C52BFA3C13004DDA63 /* UIColor+Extension.swift */,
			);
			path = Extensions;
			sourceTree = "<group>";
		};
		D306E1552BE7BF4E00A12499 /* FetchUsers */ = {
			isa = PBXGroup;
			children = (
				D36565A02BE777EB001B8496 /* FetchUsersService.swift */,
				D306E1562BE7BF6600A12499 /* UsersModel.swift */,
			);
			path = FetchUsers;
			sourceTree = "<group>";
		};
		D306E15E2BE7E4CE00A12499 /* Cell */ = {
			isa = PBXGroup;
			children = (
				D306E15F2BE7E4FE00A12499 /* UserTVC.swift */,
			);
			path = Cell;
			sourceTree = "<group>";
		};
		D306E1612BE8B9FC00A12499 /* View */ = {
			isa = PBXGroup;
			children = (
				D306E15E2BE7E4CE00A12499 /* Cell */,
				D37B85E12BE0E6CF00DF7620 /* FetchUserVC.swift */,
				D306E15A2BE7C71700A12499 /* FetchUserUIView.swift */,
			);
			path = View;
			sourceTree = "<group>";
		};
		D365659B2BE776CE001B8496 /* Main */ = {
			isa = PBXGroup;
			children = (
				D365659F2BE777A8001B8496 /* Services */,
				D36565A22BE7786D001B8496 /* Usecases */,
				D306E1612BE8B9FC00A12499 /* View */,
				D36565A82BE79B1A001B8496 /* FetchUserPresenter.swift */,
				D36565AA2BE79BEA001B8496 /* FetchUserAssembly.swift */,
			);
			path = Main;
			sourceTree = "<group>";
		};
		D365659C2BE776DA001B8496 /* Core */ = {
			isa = PBXGroup;
			children = (
				D30096C42BFA3BF3004DDA63 /* Extensions */,
				D365659D2BE776E7001B8496 /* Resources */,
				D36565A52BE77B96001B8496 /* Network */,
				D37B85EB2BE0E6D000DF7620 /* Info.plist */,
				D37B85DD2BE0E6CF00DF7620 /* AppDelegate.swift */,
				D37B85DF2BE0E6CF00DF7620 /* SceneDelegate.swift */,
				D37B85E82BE0E6D000DF7620 /* LaunchScreen.storyboard */,
			);
			path = Core;
			sourceTree = "<group>";
		};
		D365659D2BE776E7001B8496 /* Resources */ = {
			isa = PBXGroup;
			children = (
				D37B85E62BE0E6D000DF7620 /* Assets.xcassets */,
			);
			path = Resources;
			sourceTree = "<group>";
		};
		D365659F2BE777A8001B8496 /* Services */ = {
			isa = PBXGroup;
			children = (
				D306E1552BE7BF4E00A12499 /* FetchUsers */,
			);
			path = Services;
			sourceTree = "<group>";
		};
		D36565A22BE7786D001B8496 /* Usecases */ = {
			isa = PBXGroup;
			children = (
				D36565A32BE7789F001B8496 /* FetchAllUsers.swift */,
				D306E15C2BE7C8A800A12499 /* ViewData.swift */,
			);
			path = Usecases;
			sourceTree = "<group>";
		};
		D36565A52BE77B96001B8496 /* Network */ = {
			isa = PBXGroup;
			children = (
				D36565A62BE77BA4001B8496 /* API.swift */,
			);
			path = Network;
			sourceTree = "<group>";
		};
		D37B85D12BE0E6CF00DF7620 = {
			isa = PBXGroup;
			children = (
				D37B85DC2BE0E6CF00DF7620 /* ios_kode_test */,
				D37B85DB2BE0E6CF00DF7620 /* Products */,
				E0FF98AA969AFB1B90ECD216 /* Pods */,
				7752B95B090F47F2BB3465EB /* Frameworks */,
			);
			sourceTree = "<group>";
		};
		D37B85DB2BE0E6CF00DF7620 /* Products */ = {
			isa = PBXGroup;
			children = (
				D37B85DA2BE0E6CF00DF7620 /* ios_kode_test.app */,
			);
			name = Products;
			sourceTree = "<group>";
		};
		D37B85DC2BE0E6CF00DF7620 /* ios_kode_test */ = {
			isa = PBXGroup;
			children = (
				D365659C2BE776DA001B8496 /* Core */,
				D365659B2BE776CE001B8496 /* Main */,
			);
			path = ios_kode_test;
			sourceTree = "<group>";
		};
		E0FF98AA969AFB1B90ECD216 /* Pods */ = {
			isa = PBXGroup;
			children = (
				14903EC755136C31EEB65F8B /* Pods-ios_kode_test.debug.xcconfig */,
				B270B21A3BC20B4DF2FFE050 /* Pods-ios_kode_test.release.xcconfig */,
			);
			path = Pods;
			sourceTree = "<group>";
		};
/* End PBXGroup section */

/* Begin PBXNativeTarget section */
		D37B85D92BE0E6CF00DF7620 /* ios_kode_test */ = {
			isa = PBXNativeTarget;
			buildConfigurationList = D37B85EE2BE0E6D000DF7620 /* Build configuration list for PBXNativeTarget "ios_kode_test" */;
			buildPhases = (
				A04ACB4012C7341DF290078C /* [CP] Check Pods Manifest.lock */,
				D37B85D62BE0E6CF00DF7620 /* Sources */,
				D37B85D72BE0E6CF00DF7620 /* Frameworks */,
				D37B85D82BE0E6CF00DF7620 /* Resources */,
				4FF78DCF935A7ADB37D6BD78 /* [CP] Embed Pods Frameworks */,
			);
			buildRules = (
			);
			dependencies = (
			);
			name = ios_kode_test;
			productName = ios_kode_test;
			productReference = D37B85DA2BE0E6CF00DF7620 /* ios_kode_test.app */;
			productType = "com.apple.product-type.application";
		};
/* End PBXNativeTarget section */

/* Begin PBXProject section */
		D37B85D22BE0E6CF00DF7620 /* Project object */ = {
			isa = PBXProject;
			attributes = {
				BuildIndependentTargetsInParallel = 1;
				LastSwiftUpdateCheck = 1500;
				LastUpgradeCheck = 1500;
				TargetAttributes = {
					D37B85D92BE0E6CF00DF7620 = {
						CreatedOnToolsVersion = 15.0;
					};
				};
			};
			buildConfigurationList = D37B85D52BE0E6CF00DF7620 /* Build configuration list for PBXProject "ios_kode_test" */;
			compatibilityVersion = "Xcode 14.0";
			developmentRegion = en;
			hasScannedForEncodings = 0;
			knownRegions = (
				en,
				Base,
			);
			mainGroup = D37B85D12BE0E6CF00DF7620;
			productRefGroup = D37B85DB2BE0E6CF00DF7620 /* Products */;
			projectDirPath = "";
			projectRoot = "";
			targets = (
				D37B85D92BE0E6CF00DF7620 /* ios_kode_test */,
			);
		};
/* End PBXProject section */

/* Begin PBXResourcesBuildPhase section */
		D37B85D82BE0E6CF00DF7620 /* Resources */ = {
			isa = PBXResourcesBuildPhase;
			buildActionMask = 2147483647;
			files = (
				D37B85EA2BE0E6D000DF7620 /* LaunchScreen.storyboard in Resources */,
				D37B85E72BE0E6D000DF7620 /* Assets.xcassets in Resources */,
			);
			runOnlyForDeploymentPostprocessing = 0;
		};
/* End PBXResourcesBuildPhase section */

/* Begin PBXShellScriptBuildPhase section */
		4FF78DCF935A7ADB37D6BD78 /* [CP] Embed Pods Frameworks */ = {
			isa = PBXShellScriptBuildPhase;
			buildActionMask = 2147483647;
			files = (
			);
			inputFileListPaths = (
				"${PODS_ROOT}/Target Support Files/Pods-ios_kode_test/Pods-ios_kode_test-frameworks-${CONFIGURATION}-input-files.xcfilelist",
			);
			name = "[CP] Embed Pods Frameworks";
			outputFileListPaths = (
				"${PODS_ROOT}/Target Support Files/Pods-ios_kode_test/Pods-ios_kode_test-frameworks-${CONFIGURATION}-output-files.xcfilelist",
			);
			runOnlyForDeploymentPostprocessing = 0;
			shellPath = /bin/sh;
			shellScript = "\"${PODS_ROOT}/Target Support Files/Pods-ios_kode_test/Pods-ios_kode_test-frameworks.sh\"\n";
			showEnvVarsInLog = 0;
		};
		A04ACB4012C7341DF290078C /* [CP] Check Pods Manifest.lock */ = {
			isa = PBXShellScriptBuildPhase;
			buildActionMask = 2147483647;
			files = (
			);
			inputFileListPaths = (
			);
			inputPaths = (
				"${PODS_PODFILE_DIR_PATH}/Podfile.lock",
				"${PODS_ROOT}/Manifest.lock",
			);
			name = "[CP] Check Pods Manifest.lock";
			outputFileListPaths = (
			);
			outputPaths = (
				"$(DERIVED_FILE_DIR)/Pods-ios_kode_test-checkManifestLockResult.txt",
			);
			runOnlyForDeploymentPostprocessing = 0;
			shellPath = /bin/sh;
			shellScript = "diff \"${PODS_PODFILE_DIR_PATH}/Podfile.lock\" \"${PODS_ROOT}/Manifest.lock\" > /dev/null\nif [ $? != 0 ] ; then\n    # print error to STDERR\n    echo \"error: The sandbox is not in sync with the Podfile.lock. Run 'pod install' or update your CocoaPods installation.\" >&2\n    exit 1\nfi\n# This output is used by Xcode 'outputs' to avoid re-running this script phase.\necho \"SUCCESS\" > \"${SCRIPT_OUTPUT_FILE_0}\"\n";
			showEnvVarsInLog = 0;
		};
/* End PBXShellScriptBuildPhase section */

/* Begin PBXSourcesBuildPhase section */
		D37B85D62BE0E6CF00DF7620 /* Sources */ = {
			isa = PBXSourcesBuildPhase;
			buildActionMask = 2147483647;
			files = (
				D37B85E22BE0E6CF00DF7620 /* FetchUserVC.swift in Sources */,
				D36565A92BE79B1A001B8496 /* FetchUserPresenter.swift in Sources */,
				D37B85DE2BE0E6CF00DF7620 /* AppDelegate.swift in Sources */,
				D36565AB2BE79BEA001B8496 /* FetchUserAssembly.swift in Sources */,
				D306E1602BE7E4FE00A12499 /* UserTVC.swift in Sources */,
				D37B85E02BE0E6CF00DF7620 /* SceneDelegate.swift in Sources */,
				D36565A12BE777EB001B8496 /* FetchUsersService.swift in Sources */,
				D36565A72BE77BA4001B8496 /* API.swift in Sources */,
				D36565A42BE7789F001B8496 /* FetchAllUsers.swift in Sources */,
				D306E15B2BE7C71700A12499 /* FetchUserUIView.swift in Sources */,
				D30096C62BFA3C13004DDA63 /* UIColor+Extension.swift in Sources */,
				D306E15D2BE7C8A800A12499 /* ViewData.swift in Sources */,
				D306E1572BE7BF6600A12499 /* UsersModel.swift in Sources */,
			);
			runOnlyForDeploymentPostprocessing = 0;
		};
/* End PBXSourcesBuildPhase section */

/* Begin PBXVariantGroup section */
		D37B85E82BE0E6D000DF7620 /* LaunchScreen.storyboard */ = {
			isa = PBXVariantGroup;
			children = (
				D37B85E92BE0E6D000DF7620 /* Base */,
			);
			name = LaunchScreen.storyboard;
			sourceTree = "<group>";
		};
/* End PBXVariantGroup section */

/* Begin XCBuildConfiguration section */
		D37B85EC2BE0E6D000DF7620 /* Debug */ = {
			isa = XCBuildConfiguration;
			buildSettings = {
				ALWAYS_SEARCH_USER_PATHS = NO;
				ASSETCATALOG_COMPILER_GENERATE_SWIFT_ASSET_SYMBOL_EXTENSIONS = YES;
				CLANG_ANALYZER_NONNULL = YES;
				CLANG_ANALYZER_NUMBER_OBJECT_CONVERSION = YES_AGGRESSIVE;
				CLANG_CXX_LANGUAGE_STANDARD = "gnu++20";
				CLANG_ENABLE_MODULES = YES;
				CLANG_ENABLE_OBJC_ARC = YES;
				CLANG_ENABLE_OBJC_WEAK = YES;
				CLANG_WARN_BLOCK_CAPTURE_AUTORELEASING = YES;
				CLANG_WARN_BOOL_CONVERSION = YES;
				CLANG_WARN_COMMA = YES;
				CLANG_WARN_CONSTANT_CONVERSION = YES;
				CLANG_WARN_DEPRECATED_OBJC_IMPLEMENTATIONS = YES;
				CLANG_WARN_DIRECT_OBJC_ISA_USAGE = YES_ERROR;
				CLANG_WARN_DOCUMENTATION_COMMENTS = YES;
				CLANG_WARN_EMPTY_BODY = YES;
				CLANG_WARN_ENUM_CONVERSION = YES;
				CLANG_WARN_INFINITE_RECURSION = YES;
				CLANG_WARN_INT_CONVERSION = YES;
				CLANG_WARN_NON_LITERAL_NULL_CONVERSION = YES;
				CLANG_WARN_OBJC_IMPLICIT_RETAIN_SELF = YES;
				CLANG_WARN_OBJC_LITERAL_CONVERSION = YES;
				CLANG_WARN_OBJC_ROOT_CLASS = YES_ERROR;
				CLANG_WARN_QUOTED_INCLUDE_IN_FRAMEWORK_HEADER = YES;
				CLANG_WARN_RANGE_LOOP_ANALYSIS = YES;
				CLANG_WARN_STRICT_PROTOTYPES = YES;
				CLANG_WARN_SUSPICIOUS_MOVE = YES;
				CLANG_WARN_UNGUARDED_AVAILABILITY = YES_AGGRESSIVE;
				CLANG_WARN_UNREACHABLE_CODE = YES;
				CLANG_WARN__DUPLICATE_METHOD_MATCH = YES;
				COPY_PHASE_STRIP = NO;
				DEBUG_INFORMATION_FORMAT = dwarf;
				ENABLE_STRICT_OBJC_MSGSEND = YES;
				ENABLE_TESTABILITY = YES;
				ENABLE_USER_SCRIPT_SANDBOXING = YES;
				GCC_C_LANGUAGE_STANDARD = gnu17;
				GCC_DYNAMIC_NO_PIC = NO;
				GCC_NO_COMMON_BLOCKS = YES;
				GCC_OPTIMIZATION_LEVEL = 0;
				GCC_PREPROCESSOR_DEFINITIONS = (
					"DEBUG=1",
					"$(inherited)",
				);
				GCC_WARN_64_TO_32_BIT_CONVERSION = YES;
				GCC_WARN_ABOUT_RETURN_TYPE = YES_ERROR;
				GCC_WARN_UNDECLARED_SELECTOR = YES;
				GCC_WARN_UNINITIALIZED_AUTOS = YES_AGGRESSIVE;
				GCC_WARN_UNUSED_FUNCTION = YES;
				GCC_WARN_UNUSED_VARIABLE = YES;
				IPHONEOS_DEPLOYMENT_TARGET = 17.0;
				LOCALIZATION_PREFERS_STRING_CATALOGS = YES;
				MTL_ENABLE_DEBUG_INFO = INCLUDE_SOURCE;
				MTL_FAST_MATH = YES;
				ONLY_ACTIVE_ARCH = YES;
				SDKROOT = iphoneos;
				SWIFT_ACTIVE_COMPILATION_CONDITIONS = "DEBUG $(inherited)";
				SWIFT_OPTIMIZATION_LEVEL = "-Onone";
			};
			name = Debug;
		};
		D37B85ED2BE0E6D000DF7620 /* Release */ = {
			isa = XCBuildConfiguration;
			buildSettings = {
				ALWAYS_SEARCH_USER_PATHS = NO;
				ASSETCATALOG_COMPILER_GENERATE_SWIFT_ASSET_SYMBOL_EXTENSIONS = YES;
				CLANG_ANALYZER_NONNULL = YES;
				CLANG_ANALYZER_NUMBER_OBJECT_CONVERSION = YES_AGGRESSIVE;
				CLANG_CXX_LANGUAGE_STANDARD = "gnu++20";
				CLANG_ENABLE_MODULES = YES;
				CLANG_ENABLE_OBJC_ARC = YES;
				CLANG_ENABLE_OBJC_WEAK = YES;
				CLANG_WARN_BLOCK_CAPTURE_AUTORELEASING = YES;
				CLANG_WARN_BOOL_CONVERSION = YES;
				CLANG_WARN_COMMA = YES;
				CLANG_WARN_CONSTANT_CONVERSION = YES;
				CLANG_WARN_DEPRECATED_OBJC_IMPLEMENTATIONS = YES;
				CLANG_WARN_DIRECT_OBJC_ISA_USAGE = YES_ERROR;
				CLANG_WARN_DOCUMENTATION_COMMENTS = YES;
				CLANG_WARN_EMPTY_BODY = YES;
				CLANG_WARN_ENUM_CONVERSION = YES;
				CLANG_WARN_INFINITE_RECURSION = YES;
				CLANG_WARN_INT_CONVERSION = YES;
				CLANG_WARN_NON_LITERAL_NULL_CONVERSION = YES;
				CLANG_WARN_OBJC_IMPLICIT_RETAIN_SELF = YES;
				CLANG_WARN_OBJC_LITERAL_CONVERSION = YES;
				CLANG_WARN_OBJC_ROOT_CLASS = YES_ERROR;
				CLANG_WARN_QUOTED_INCLUDE_IN_FRAMEWORK_HEADER = YES;
				CLANG_WARN_RANGE_LOOP_ANALYSIS = YES;
				CLANG_WARN_STRICT_PROTOTYPES = YES;
				CLANG_WARN_SUSPICIOUS_MOVE = YES;
				CLANG_WARN_UNGUARDED_AVAILABILITY = YES_AGGRESSIVE;
				CLANG_WARN_UNREACHABLE_CODE = YES;
				CLANG_WARN__DUPLICATE_METHOD_MATCH = YES;
				COPY_PHASE_STRIP = NO;
				DEBUG_INFORMATION_FORMAT = "dwarf-with-dsym";
				ENABLE_NS_ASSERTIONS = NO;
				ENABLE_STRICT_OBJC_MSGSEND = YES;
				ENABLE_USER_SCRIPT_SANDBOXING = YES;
				GCC_C_LANGUAGE_STANDARD = gnu17;
				GCC_NO_COMMON_BLOCKS = YES;
				GCC_WARN_64_TO_32_BIT_CONVERSION = YES;
				GCC_WARN_ABOUT_RETURN_TYPE = YES_ERROR;
				GCC_WARN_UNDECLARED_SELECTOR = YES;
				GCC_WARN_UNINITIALIZED_AUTOS = YES_AGGRESSIVE;
				GCC_WARN_UNUSED_FUNCTION = YES;
				GCC_WARN_UNUSED_VARIABLE = YES;
				IPHONEOS_DEPLOYMENT_TARGET = 17.0;
				LOCALIZATION_PREFERS_STRING_CATALOGS = YES;
				MTL_ENABLE_DEBUG_INFO = NO;
				MTL_FAST_MATH = YES;
				SDKROOT = iphoneos;
				SWIFT_COMPILATION_MODE = wholemodule;
				VALIDATE_PRODUCT = YES;
			};
			name = Release;
		};
		D37B85EF2BE0E6D000DF7620 /* Debug */ = {
			isa = XCBuildConfiguration;
			baseConfigurationReference = 14903EC755136C31EEB65F8B /* Pods-ios_kode_test.debug.xcconfig */;
			buildSettings = {
				ASSETCATALOG_COMPILER_APPICON_NAME = AppIcon;
				ASSETCATALOG_COMPILER_GLOBAL_ACCENT_COLOR_NAME = AccentColor;
				CODE_SIGN_STYLE = Automatic;
				CURRENT_PROJECT_VERSION = 1;
				DEVELOPMENT_TEAM = 95X368593A;
				ENABLE_USER_SCRIPT_SANDBOXING = NO;
				GENERATE_INFOPLIST_FILE = YES;
				INFOPLIST_FILE = ios_kode_test/Core/Info.plist;
				INFOPLIST_KEY_UIApplicationSupportsIndirectInputEvents = YES;
				INFOPLIST_KEY_UILaunchStoryboardName = LaunchScreen;
				INFOPLIST_KEY_UISupportedInterfaceOrientations_iPad = "UIInterfaceOrientationPortrait UIInterfaceOrientationPortraitUpsideDown UIInterfaceOrientationLandscapeLeft UIInterfaceOrientationLandscapeRight";
				INFOPLIST_KEY_UISupportedInterfaceOrientations_iPhone = "UIInterfaceOrientationPortrait UIInterfaceOrientationLandscapeLeft UIInterfaceOrientationLandscapeRight";
				LD_RUNPATH_SEARCH_PATHS = (
					"$(inherited)",
					"@executable_path/Frameworks",
				);
				MARKETING_VERSION = 1.0;
				PRODUCT_BUNDLE_IDENTIFIER = "com.example.test.ios-kode-test";
				PRODUCT_NAME = "$(TARGET_NAME)";
				SUPPORTED_PLATFORMS = "iphoneos iphonesimulator";
				SUPPORTS_MACCATALYST = NO;
				SUPPORTS_MAC_DESIGNED_FOR_IPHONE_IPAD = NO;
				SWIFT_EMIT_LOC_STRINGS = YES;
				SWIFT_VERSION = 5.0;
				TARGETED_DEVICE_FAMILY = "1,2";
			};
			name = Debug;
		};
		D37B85F02BE0E6D000DF7620 /* Release */ = {
			isa = XCBuildConfiguration;
			baseConfigurationReference = B270B21A3BC20B4DF2FFE050 /* Pods-ios_kode_test.release.xcconfig */;
			buildSettings = {
				ASSETCATALOG_COMPILER_APPICON_NAME = AppIcon;
				ASSETCATALOG_COMPILER_GLOBAL_ACCENT_COLOR_NAME = AccentColor;
				CODE_SIGN_STYLE = Automatic;
				CURRENT_PROJECT_VERSION = 1;
				DEVELOPMENT_TEAM = 95X368593A;
				ENABLE_USER_SCRIPT_SANDBOXING = NO;
				GENERATE_INFOPLIST_FILE = YES;
				INFOPLIST_FILE = ios_kode_test/Core/Info.plist;
				INFOPLIST_KEY_UIApplicationSupportsIndirectInputEvents = YES;
				INFOPLIST_KEY_UILaunchStoryboardName = LaunchScreen;
				INFOPLIST_KEY_UISupportedInterfaceOrientations_iPad = "UIInterfaceOrientationPortrait UIInterfaceOrientationPortraitUpsideDown UIInterfaceOrientationLandscapeLeft UIInterfaceOrientationLandscapeRight";
				INFOPLIST_KEY_UISupportedInterfaceOrientations_iPhone = "UIInterfaceOrientationPortrait UIInterfaceOrientationLandscapeLeft UIInterfaceOrientationLandscapeRight";
				LD_RUNPATH_SEARCH_PATHS = (
					"$(inherited)",
					"@executable_path/Frameworks",
				);
				MARKETING_VERSION = 1.0;
				PRODUCT_BUNDLE_IDENTIFIER = "com.example.test.ios-kode-test";
				PRODUCT_NAME = "$(TARGET_NAME)";
				SUPPORTED_PLATFORMS = "iphoneos iphonesimulator";
				SUPPORTS_MACCATALYST = NO;
				SUPPORTS_MAC_DESIGNED_FOR_IPHONE_IPAD = NO;
				SWIFT_EMIT_LOC_STRINGS = YES;
				SWIFT_VERSION = 5.0;
				TARGETED_DEVICE_FAMILY = "1,2";
			};
			name = Release;
		};
/* End XCBuildConfiguration section */

/* Begin XCConfigurationList section */
		D37B85D52BE0E6CF00DF7620 /* Build configuration list for PBXProject "ios_kode_test" */ = {
			isa = XCConfigurationList;
			buildConfigurations = (
				D37B85EC2BE0E6D000DF7620 /* Debug */,
				D37B85ED2BE0E6D000DF7620 /* Release */,
			);
			defaultConfigurationIsVisible = 0;
			defaultConfigurationName = Release;
		};
		D37B85EE2BE0E6D000DF7620 /* Build configuration list for PBXNativeTarget "ios_kode_test" */ = {
			isa = XCConfigurationList;
			buildConfigurations = (
				D37B85EF2BE0E6D000DF7620 /* Debug */,
				D37B85F02BE0E6D000DF7620 /* Release */,
			);
			defaultConfigurationIsVisible = 0;
			defaultConfigurationName = Release;
		};
/* End XCConfigurationList section */
	};
	rootObject = D37B85D22BE0E6CF00DF7620 /* Project object */;
}
